
Microsoft Visual Studio Solution File, Format Version 12.00
# Visual Studio 15
VisualStudioVersion = 15.0.28010.2016
MinimumVisualStudioVersion = 10.0.40219.1
Project("{FAE04EC0-301F-11D3-BF4B-00C04F79EFBC}") = "MeTube", "MeTube\MeTube.csproj", "{BA3B6CB1-65C2-43FE-A0B5-C67FF203532C}"
EndProject
Global
	GlobalSection(SolutionConfigurationPlatforms) = preSolution
		Debug|Any CPU = Debug|Any CPU
		Release|Any CPU = Release|Any CPU
	EndGlobalSection
	GlobalSection(ProjectConfigurationPlatforms) = postSolution
		{BA3B6CB1-65C2-43FE-A0B5-C67FF203532C}.Debug|Any CPU.ActiveCfg = Debug|Any CPU
		{BA3B6CB1-65C2-43FE-A0B5-C67FF203532C}.Debug|Any CPU.Build.0 = Debug|Any CPU
		{BA3B6CB1-65C2-43FE-A0B5-C67FF203532C}.Release|Any CPU.ActiveCfg = Release|Any CPU
		{BA3B6CB1-65C2-43FE-A0B5-C67FF203532C}.Release|Any CPU.Build.0 = Release|Any CPU
	EndGlobalSection
	GlobalSection(SolutionProperties) = preSolution
		HideSolutionNode = FALSE
	EndGlobalSection
	GlobalSection(ExtensibilityGlobals) = postSolution
		SolutionGuid = {C0F4EFD8-8413-4E94-87F4-922453332C40}
	EndGlobalSection
EndGlobal
